
Microsoft Visual Studio Solution File, Format Version 12.00
# Visual Studio Version 17
VisualStudioVersion = 17.4.33213.308
MinimumVisualStudioVersion = 10.0.40219.1
Project("{FAE04EC0-301F-11D3-BF4B-00C04F79EFBC}") = "Pig Latin", "Pig Latin.csproj", "{165B00C6-60C0-47AF-AC76-45D5B1969CFC}"
EndProject
Global
	GlobalSection(SolutionConfigurationPlatforms) = preSolution
		Debug|Any CPU = Debug|Any CPU
		Release|Any CPU = Release|Any CPU
	EndGlobalSection
	GlobalSection(ProjectConfigurationPlatforms) = postSolution
		{165B00C6-60C0-47AF-AC76-45D5B1969CFC}.Debug|Any CPU.ActiveCfg = Debug|Any CPU
		{165B00C6-60C0-47AF-AC76-45D5B1969CFC}.Debug|Any CPU.Build.0 = Debug|Any CPU
		{165B00C6-60C0-47AF-AC76-45D5B1969CFC}.Release|Any CPU.ActiveCfg = Release|Any CPU
		{165B00C6-60C0-47AF-AC76-45D5B1969CFC}.Release|Any CPU.Build.0 = Release|Any CPU
	EndGlobalSection
	GlobalSection(SolutionProperties) = preSolution
		HideSolutionNode = FALSE
	EndGlobalSection
	GlobalSection(ExtensibilityGlobals) = postSolution
		SolutionGuid = {3E274C69-B642-45C9-A96F-F90C84213A01}
	EndGlobalSection
EndGlobal
